
Microsoft Visual Studio Solution File, Format Version 12.00
# Visual Studio Version 17
VisualStudioVersion = 17.10.35013.160
MinimumVisualStudioVersion = 10.0.40219.1
Project("{FAE04EC0-301F-11D3-BF4B-00C04F79EFBC}") = "Domain", "Domain\Domain.csproj", "{8E18D743-A5C6-410C-8849-4FD821205B48}"
EndProject
Project("{FAE04EC0-301F-11D3-BF4B-00C04F79EFBC}") = "Application", "Application\Application.csproj", "{E6A01672-067A-4DA0-B04D-4725B1C7BC86}"
EndProject
Project("{FAE04EC0-301F-11D3-BF4B-00C04F79EFBC}") = "Infrastructure", "Infrastructure\Infrastructure.csproj", "{15D7AA10-9F9C-4884-812B-BA72D7154B9C}"
EndProject
Project("{2150E333-8FDC-42A3-9474-1A3956D46DE8}") = "Presentation", "Presentation", "{A5B80BC7-3F4B-4667-BF82-79402EE82AC0}"
EndProject
Project("{FAE04EC0-301F-11D3-BF4B-00C04F79EFBC}") = "WebApi", "WebApi\WebApi.csproj", "{26C66C22-DA4D-42C4-BCE5-246D87AA5918}"
EndProject
Project("{FAE04EC0-301F-11D3-BF4B-00C04F79EFBC}") = "WebAssembly", "WebAssembly\WebAssembly.csproj", "{B0785583-1477-403C-9C19-BC0DCBA41EA1}"
EndProject
Global
	GlobalSection(SolutionConfigurationPlatforms) = preSolution
		Debug|Any CPU = Debug|Any CPU
		Release|Any CPU = Release|Any CPU
	EndGlobalSection
	GlobalSection(ProjectConfigurationPlatforms) = postSolution
		{8E18D743-A5C6-410C-8849-4FD821205B48}.Debug|Any CPU.ActiveCfg = Debug|Any CPU
		{8E18D743-A5C6-410C-8849-4FD821205B48}.Debug|Any CPU.Build.0 = Debug|Any CPU
		{8E18D743-A5C6-410C-8849-4FD821205B48}.Release|Any CPU.ActiveCfg = Release|Any CPU
		{8E18D743-A5C6-410C-8849-4FD821205B48}.Release|Any CPU.Build.0 = Release|Any CPU
		{E6A01672-067A-4DA0-B04D-4725B1C7BC86}.Debug|Any CPU.ActiveCfg = Debug|Any CPU
		{E6A01672-067A-4DA0-B04D-4725B1C7BC86}.Debug|Any CPU.Build.0 = Debug|Any CPU
		{E6A01672-067A-4DA0-B04D-4725B1C7BC86}.Release|Any CPU.ActiveCfg = Release|Any CPU
		{E6A01672-067A-4DA0-B04D-4725B1C7BC86}.Release|Any CPU.Build.0 = Release|Any CPU
		{15D7AA10-9F9C-4884-812B-BA72D7154B9C}.Debug|Any CPU.ActiveCfg = Debug|Any CPU
		{15D7AA10-9F9C-4884-812B-BA72D7154B9C}.Debug|Any CPU.Build.0 = Debug|Any CPU
		{15D7AA10-9F9C-4884-812B-BA72D7154B9C}.Release|Any CPU.ActiveCfg = Release|Any CPU
		{15D7AA10-9F9C-4884-812B-BA72D7154B9C}.Release|Any CPU.Build.0 = Release|Any CPU
		{26C66C22-DA4D-42C4-BCE5-246D87AA5918}.Debug|Any CPU.ActiveCfg = Debug|Any CPU
		{26C66C22-DA4D-42C4-BCE5-246D87AA5918}.Debug|Any CPU.Build.0 = Debug|Any CPU
		{26C66C22-DA4D-42C4-BCE5-246D87AA5918}.Release|Any CPU.ActiveCfg = Release|Any CPU
		{26C66C22-DA4D-42C4-BCE5-246D87AA5918}.Release|Any CPU.Build.0 = Release|Any CPU
		{B0785583-1477-403C-9C19-BC0DCBA41EA1}.Debug|Any CPU.ActiveCfg = Debug|Any CPU
		{B0785583-1477-403C-9C19-BC0DCBA41EA1}.Debug|Any CPU.Build.0 = Debug|Any CPU
		{B0785583-1477-403C-9C19-BC0DCBA41EA1}.Release|Any CPU.ActiveCfg = Release|Any CPU
		{B0785583-1477-403C-9C19-BC0DCBA41EA1}.Release|Any CPU.Build.0 = Release|Any CPU
	EndGlobalSection
	GlobalSection(SolutionProperties) = preSolution
		HideSolutionNode = FALSE
	EndGlobalSection
	GlobalSection(NestedProjects) = preSolution
		{26C66C22-DA4D-42C4-BCE5-246D87AA5918} = {A5B80BC7-3F4B-4667-BF82-79402EE82AC0}
		{B0785583-1477-403C-9C19-BC0DCBA41EA1} = {A5B80BC7-3F4B-4667-BF82-79402EE82AC0}
	EndGlobalSection
	GlobalSection(ExtensibilityGlobals) = postSolution
		SolutionGuid = {D1D40294-CBF4-4A55-9044-5E50047E5133}
	EndGlobalSection
EndGlobal
